
Microsoft Visual Studio Solution File, Format Version 12.00
# Visual Studio Version 16
VisualStudioVersion = 16.0.29519.87
MinimumVisualStudioVersion = 10.0.40219.1
Project("{FAE04EC0-301F-11D3-BF4B-00C04F79EFBC}") = "MockAssessment2a", "MockAssessment2a\MockAssessment2a.csproj", "{21F6D6C1-6549-4445-BD96-5013A818CCEB}"
EndProject
Global
	GlobalSection(SolutionConfigurationPlatforms) = preSolution
		Debug|Any CPU = Debug|Any CPU
		Release|Any CPU = Release|Any CPU
	EndGlobalSection
	GlobalSection(ProjectConfigurationPlatforms) = postSolution
		{21F6D6C1-6549-4445-BD96-5013A818CCEB}.Debug|Any CPU.ActiveCfg = Debug|Any CPU
		{21F6D6C1-6549-4445-BD96-5013A818CCEB}.Debug|Any CPU.Build.0 = Debug|Any CPU
		{21F6D6C1-6549-4445-BD96-5013A818CCEB}.Release|Any CPU.ActiveCfg = Release|Any CPU
		{21F6D6C1-6549-4445-BD96-5013A818CCEB}.Release|Any CPU.Build.0 = Release|Any CPU
	EndGlobalSection
	GlobalSection(SolutionProperties) = preSolution
		HideSolutionNode = FALSE
	EndGlobalSection
	GlobalSection(ExtensibilityGlobals) = postSolution
		SolutionGuid = {44332DB0-BB3D-4F89-854C-CC5F5142D0A5}
	EndGlobalSection
EndGlobal
